
Microsoft Visual Studio Solution File, Format Version 12.00
# Visual Studio Version 17
VisualStudioVersion = 17.0.32014.148
MinimumVisualStudioVersion = 10.0.40219.1
Project("{FAE04EC0-301F-11D3-BF4B-00C04F79EFBC}") = "UnityLesson_CSharp_ClassIncludingVariablesFunctions", "UnityLesson_CSharp_ClassIncludingVariablesFunctions\UnityLesson_CSharp_ClassIncludingVariablesFunctions.csproj", "{9C1F3614-913A-47AE-AF33-34A7A0994E5A}"
EndProject
Project("{FAE04EC0-301F-11D3-BF4B-00C04F79EFBC}") = "UnityLesson_CSharp_ClassObjectInstance", "UnityLesson_CSharp_ClassObjectInstance\UnityLesson_CSharp_ClassObjectInstance.csproj", "{AEB13A98-A340-4786-B746-9D8C94011F4B}"
EndProject
Project("{FAE04EC0-301F-11D3-BF4B-00C04F79EFBC}") = "UnityLesson_CSharp_InstantiationOfObject", "UnityLesson_CSharp_InstantiationOfObject\UnityLesson_CSharp_InstantiationOfObject.csproj", "{CC37600C-0370-48AD-BED1-CBAF3CCC51DC}"
EndProject
Project("{FAE04EC0-301F-11D3-BF4B-00C04F79EFBC}") = "UnityLesson_CSharp_StaticExample", "UnityLesson_CSharp_StaticExample\UnityLesson_CSharp_StaticExample.csproj", "{9D4AF03C-6486-4A02-96C2-DE53AAB0AEDE}"
EndProject
Project("{FAE04EC0-301F-11D3-BF4B-00C04F79EFBC}") = "UnityLesson_CSharp_InstantiationExmaple1", "UnityLesson_CSharp_InstantiationExmaple1\UnityLesson_CSharp_InstantiationExmaple1.csproj", "{DE456E51-5E97-4FA7-8760-CC34E05ACD89}"
EndProject
Project("{FAE04EC0-301F-11D3-BF4B-00C04F79EFBC}") = "UnityLesson_CSharp_Operator", "UnityLesson_CSharp_Operator\UnityLesson_CSharp_Operator.csproj", "{A4AAC307-F4C7-4652-90C7-3243F8017315}"
EndProject
Global
	GlobalSection(SolutionConfigurationPlatforms) = preSolution
		Debug|Any CPU = Debug|Any CPU
		Release|Any CPU = Release|Any CPU
	EndGlobalSection
	GlobalSection(ProjectConfigurationPlatforms) = postSolution
		{9C1F3614-913A-47AE-AF33-34A7A0994E5A}.Debug|Any CPU.ActiveCfg = Debug|Any CPU
		{9C1F3614-913A-47AE-AF33-34A7A0994E5A}.Debug|Any CPU.Build.0 = Debug|Any CPU
		{9C1F3614-913A-47AE-AF33-34A7A0994E5A}.Release|Any CPU.ActiveCfg = Release|Any CPU
		{9C1F3614-913A-47AE-AF33-34A7A0994E5A}.Release|Any CPU.Build.0 = Release|Any CPU
		{AEB13A98-A340-4786-B746-9D8C94011F4B}.Debug|Any CPU.ActiveCfg = Debug|Any CPU
		{AEB13A98-A340-4786-B746-9D8C94011F4B}.Debug|Any CPU.Build.0 = Debug|Any CPU
		{AEB13A98-A340-4786-B746-9D8C94011F4B}.Release|Any CPU.ActiveCfg = Release|Any CPU
		{AEB13A98-A340-4786-B746-9D8C94011F4B}.Release|Any CPU.Build.0 = Release|Any CPU
		{CC37600C-0370-48AD-BED1-CBAF3CCC51DC}.Debug|Any CPU.ActiveCfg = Debug|Any CPU
		{CC37600C-0370-48AD-BED1-CBAF3CCC51DC}.Debug|Any CPU.Build.0 = Debug|Any CPU
		{CC37600C-0370-48AD-BED1-CBAF3CCC51DC}.Release|Any CPU.ActiveCfg = Release|Any CPU
		{CC37600C-0370-48AD-BED1-CBAF3CCC51DC}.Release|Any CPU.Build.0 = Release|Any CPU
		{9D4AF03C-6486-4A02-96C2-DE53AAB0AEDE}.Debug|Any CPU.ActiveCfg = Debug|Any CPU
		{9D4AF03C-6486-4A02-96C2-DE53AAB0AEDE}.Debug|Any CPU.Build.0 = Debug|Any CPU
		{9D4AF03C-6486-4A02-96C2-DE53AAB0AEDE}.Release|Any CPU.ActiveCfg = Release|Any CPU
		{9D4AF03C-6486-4A02-96C2-DE53AAB0AEDE}.Release|Any CPU.Build.0 = Release|Any CPU
		{DE456E51-5E97-4FA7-8760-CC34E05ACD89}.Debug|Any CPU.ActiveCfg = Debug|Any CPU
		{DE456E51-5E97-4FA7-8760-CC34E05ACD89}.Debug|Any CPU.Build.0 = Debug|Any CPU
		{DE456E51-5E97-4FA7-8760-CC34E05ACD89}.Release|Any CPU.ActiveCfg = Release|Any CPU
		{DE456E51-5E97-4FA7-8760-CC34E05ACD89}.Release|Any CPU.Build.0 = Release|Any CPU
		{A4AAC307-F4C7-4652-90C7-3243F8017315}.Debug|Any CPU.ActiveCfg = Debug|Any CPU
		{A4AAC307-F4C7-4652-90C7-3243F8017315}.Debug|Any CPU.Build.0 = Debug|Any CPU
		{A4AAC307-F4C7-4652-90C7-3243F8017315}.Release|Any CPU.ActiveCfg = Release|Any CPU
		{A4AAC307-F4C7-4652-90C7-3243F8017315}.Release|Any CPU.Build.0 = Release|Any CPU
	EndGlobalSection
	GlobalSection(SolutionProperties) = preSolution
		HideSolutionNode = FALSE
	EndGlobalSection
	GlobalSection(ExtensibilityGlobals) = postSolution
		SolutionGuid = {D6631D66-D66A-4DB8-B8C8-CB855A4036E8}
	EndGlobalSection
EndGlobal
