
Microsoft Visual Studio Solution File, Format Version 12.00
# Visual Studio Version 17
VisualStudioVersion = 17.1.32210.238
MinimumVisualStudioVersion = 10.0.40219.1
Project("{FAE04EC0-301F-11D3-BF4B-00C04F79EFBC}") = "220129_UnityLesson_CSharp_ClassIncludingVariablesFunctions", "UnityLesson_CSharp_ClassIncludingVariablesFunctions\220129_UnityLesson_CSharp_ClassIncludingVariablesFunctions.csproj", "{9C1F3614-913A-47AE-AF33-34A7A0994E5A}"
EndProject
Project("{9A19103F-16F7-4668-BE54-9A1E7A4F7556}") = "220129_UnityLesson_CSharp_ClassObjectInstance", "UnityLesson_CSharp_ClassObjectInstance\220129_UnityLesson_CSharp_ClassObjectInstance.csproj", "{AEB13A98-A340-4786-B746-9D8C94011F4B}"
EndProject
Project("{9A19103F-16F7-4668-BE54-9A1E7A4F7556}") = "220129_UnityLesson_CSharp_InstantiationOfObject", "UnityLesson_CSharp_InstantiationOfObject\220129_UnityLesson_CSharp_InstantiationOfObject.csproj", "{CC37600C-0370-48AD-BED1-CBAF3CCC51DC}"
EndProject
Project("{9A19103F-16F7-4668-BE54-9A1E7A4F7556}") = "220129_UnityLesson_CSharp_StaticExample", "UnityLesson_CSharp_StaticExample\220129_UnityLesson_CSharp_StaticExample.csproj", "{9D4AF03C-6486-4A02-96C2-DE53AAB0AEDE}"
EndProject
Project("{9A19103F-16F7-4668-BE54-9A1E7A4F7556}") = "220129_UnityLesson_CSharp_InstantiationExmaple1", "UnityLesson_CSharp_InstantiationExmaple1\220129_UnityLesson_CSharp_InstantiationExmaple1.csproj", "{DE456E51-5E97-4FA7-8760-CC34E05ACD89}"
EndProject
Project("{9A19103F-16F7-4668-BE54-9A1E7A4F7556}") = "220129_UnityLesson_CSharp_Operator", "UnityLesson_CSharp_Operator\220129_UnityLesson_CSharp_Operator.csproj", "{A4AAC307-F4C7-4652-90C7-3243F8017315}"
EndProject
Project("{9A19103F-16F7-4668-BE54-9A1E7A4F7556}") = "220205_UnityLesson_CSharp_Array", "220205_UnityLesson_CSharp_Array\220205_UnityLesson_CSharp_Array.csproj", "{805AC826-9377-48A9-A55B-6456A24EED43}"
EndProject
Project("{9A19103F-16F7-4668-BE54-9A1E7A4F7556}") = "220205_UnityLesson_CSharp_WhileLoop", "220205_UnityLesson_CSharp_WhileLoop\220205_UnityLesson_CSharp_WhileLoop.csproj", "{0A7E37E9-051A-44D9-BB33-228F93376466}"
EndProject
Project("{9A19103F-16F7-4668-BE54-9A1E7A4F7556}") = "220205_UnityLesson_CSharp_ForLoop", "220205_UnityLesson_CSharp_ForLoop\220205_UnityLesson_CSharp_ForLoop.csproj", "{1782806D-6661-466D-8A8E-D03CD69D6840}"
EndProject
Project("{9A19103F-16F7-4668-BE54-9A1E7A4F7556}") = "220205_UnityLesson_CSharp_ForLoopExample", "220205_UnityLesson_CSharp_ForLoopExample\220205_UnityLesson_CSharp_ForLoopExample.csproj", "{75D35E51-B4A8-4621-9D69-A40A702C1D10}"
EndProject
Project("{9A19103F-16F7-4668-BE54-9A1E7A4F7556}") = "220205_UnityLesson_CSharp_Collection", "220205_UnityLesson_CSharp_Collection\220205_UnityLesson_CSharp_Collection.csproj", "{83DF5571-C4C3-432A-A23F-4AED0BF9DEDD}"
EndProject
Project("{9A19103F-16F7-4668-BE54-9A1E7A4F7556}") = "220208_REVIEW_01_UnityLesson_CSharp_Method", "220208_REVIEW_UnityLesson_CSharp_Method\220208_REVIEW_01_UnityLesson_CSharp_Method.csproj", "{F49FD2DB-2A42-447C-9462-0536B7E8DD31}"
EndProject
Project("{9A19103F-16F7-4668-BE54-9A1E7A4F7556}") = "220208_REVIEW_02_UnityLesson_CSharp_Variables", "220208_REVIEW_UnityLesson_CSharp_Variables\220208_REVIEW_02_UnityLesson_CSharp_Variables.csproj", "{C4564C1E-6FCC-4CA3-B8D5-AF8ED3C8D975}"
EndProject
Project("{9A19103F-16F7-4668-BE54-9A1E7A4F7556}") = "220208_REVIEW_03_UnityLesson_CSharp_Variable", "220208_REVIEW_03_UnityLesson_CSharp_Variable\220208_REVIEW_03_UnityLesson_CSharp_Variable.csproj", "{8698446F-0FE4-4E8A-B04A-0A0FBDC835DF}"
EndProject
Project("{9A19103F-16F7-4668-BE54-9A1E7A4F7556}") = "220208_REVIEW_04_UnityLesson_CSharp_If", "220208_REVIEW_04_UnityLesson_CSharp_If\220208_REVIEW_04_UnityLesson_CSharp_If.csproj", "{FCCDF479-BBE3-4541-8F44-D10174490F60}"
EndProject
Project("{9A19103F-16F7-4668-BE54-9A1E7A4F7556}") = "220208_REVIEW_05_UnityLesson_CSharp_Method", "220208_REVIEW_05_UnityLesson_CSharp_Method\220208_REVIEW_05_UnityLesson_CSharp_Method.csproj", "{7B76D1C1-CBFF-4DB0-82B0-5D62FEDA70B6}"
EndProject
Project("{9A19103F-16F7-4668-BE54-9A1E7A4F7556}") = "220209_REVIEW_06_UnityLesson_CSharp_ClassIncludingVariablesFunctions", "220209_REVIEW_UnityLesson_CSharp_ClassIncludingVariablesFunctions\220209_REVIEW_06_UnityLesson_CSharp_ClassIncludingVariablesFunctions.csproj", "{A9ABC3A2-A211-494F-88AF-0DF1D5245BBC}"
EndProject
Project("{9A19103F-16F7-4668-BE54-9A1E7A4F7556}") = "220209_REVIEW_07_UnityLesson_CSharp_ClassObjectInstance", "220209_REVIEW_07_UnityLesson_CSharp_ClassObjectInstance\220209_REVIEW_07_UnityLesson_CSharp_ClassObjectInstance.csproj", "{D698E3E7-B593-4EEB-86CF-10DBC67E99FD}"
EndProject
Project("{9A19103F-16F7-4668-BE54-9A1E7A4F7556}") = "220209_REVIEW_08_UnityLesson_CSharp_InstantiationOfObject", "220209_REVIEW_08_UnityLesson_CSharp_InstantiationOfObject\220209_REVIEW_08_UnityLesson_CSharp_InstantiationOfObject.csproj", "{7F29CE6A-C2D6-4D99-A193-FA2283F4948F}"
EndProject
Project("{9A19103F-16F7-4668-BE54-9A1E7A4F7556}") = "220209_REVIEW_09_UnityLesson_CSharp_StaticExample", "220209_REVIEW_09_UnityLesson_CSharp_StaticExample\220209_REVIEW_09_UnityLesson_CSharp_StaticExample.csproj", "{5BE7F749-EC1F-43DD-BDD7-77D3789E8ACA}"
EndProject
Project("{9A19103F-16F7-4668-BE54-9A1E7A4F7556}") = "220209_REVIEW_10_UnityLesson_CSharp_InstantiationExample1", "220209_REVIEW_10_UnityLesson_CSharp_InstantiationExample1\220209_REVIEW_10_UnityLesson_CSharp_InstantiationExample1.csproj", "{BE738540-F793-418A-891C-E73E8531CC63}"
EndProject
Project("{9A19103F-16F7-4668-BE54-9A1E7A4F7556}") = "220209_REVIEW_11_UnityLesson_CSharp_Operator", "220209_REVIEW_11_UnityLesson_CSharp_Operator\220209_REVIEW_11_UnityLesson_CSharp_Operator.csproj", "{518D42C3-5966-4B9D-940A-5655DAE32A67}"
EndProject
Project("{9A19103F-16F7-4668-BE54-9A1E7A4F7556}") = "220212_01_UnityLesson_CSharp_EnumAndSwitchCase", "220212_01_UnityLesson_CSharp_EnumAndSwitchCase\220212_01_UnityLesson_CSharp_EnumAndSwitchCase.csproj", "{2F766821-7346-43F0-AE0A-9576D46AD10C}"
EndProject
Project("{9A19103F-16F7-4668-BE54-9A1E7A4F7556}") = "220212_02_UnityLesson_CSharp_Structure", "220212_02_UnityLesson_CSharp_Structure\220212_02_UnityLesson_CSharp_Structure.csproj", "{6E60463A-0E54-4692-8AB0-9CE833776DA7}"
EndProject
Project("{9A19103F-16F7-4668-BE54-9A1E7A4F7556}") = "220214_REVIEW_12_UnityLesson_CSharp_Array", "220214_REVIEW_12_UnityLesson_CSharp_Array\220214_REVIEW_12_UnityLesson_CSharp_Array.csproj", "{80C213C8-DE8A-406B-9950-4E1A4FC3D9A8}"
EndProject
Project("{9A19103F-16F7-4668-BE54-9A1E7A4F7556}") = "220214_REVIEW_13_UnityLesson_CSharp_WhileLoop", "220214_REVIEW_13_UnityLesson_CSharp_WhileLoop\220214_REVIEW_13_UnityLesson_CSharp_WhileLoop.csproj", "{9DE5ACE5-3429-45A6-B470-5FF3CE410F5C}"
EndProject
Project("{9A19103F-16F7-4668-BE54-9A1E7A4F7556}") = "220214_REVIEW_14_UnityLesson_CSharp_ForLoop", "220214_REVIEW_14_UnityLesson_CSharp_ForLoop\220214_REVIEW_14_UnityLesson_CSharp_ForLoop.csproj", "{D5AA8EF7-B32D-44A6-A25C-9EB337316D0D}"
EndProject
Project("{9A19103F-16F7-4668-BE54-9A1E7A4F7556}") = "220214_REVIEW_15_UnityLesson_CSharp_ForLoopExample", "220214_REVIEW_15_UnityLesson_CSharp_ForLoopExample\220214_REVIEW_15_UnityLesson_CSharp_ForLoopExample.csproj", "{8FE38821-EB7E-4388-909E-FBBFB33BB34A}"
EndProject
Project("{9A19103F-16F7-4668-BE54-9A1E7A4F7556}") = "220216_REVIEW_16_UnityLesson_CSharp_Collection", "220216_REVIEW_15_UnityLesson_CSharp_Collection\220216_REVIEW_16_UnityLesson_CSharp_Collection.csproj", "{950A3EFE-480B-4999-A463-56FAA677335D}"
EndProject
Project("{9A19103F-16F7-4668-BE54-9A1E7A4F7556}") = "220217_REVIEW_17_UnityLesson_CSharp_EnumAndSwitchCase", "220217_REVIEW_17_UnityLesson_CSharp_EnumAndSwitchCase\220217_REVIEW_17_UnityLesson_CSharp_EnumAndSwitchCase.csproj", "{1D1055DB-88F8-44E7-B398-DB7295C48674}"
EndProject
Project("{9A19103F-16F7-4668-BE54-9A1E7A4F7556}") = "220218_REVIEW_18_UnityLesson_CSharp_Structure", "220218_REVIEW_18_UnityLesson_CSharp_Structure\220218_REVIEW_18_UnityLesson_CSharp_Structure.csproj", "{CB5ADD60-A6BA-4241-8898-97E341EADEA4}"
EndProject
Project("{FAE04EC0-301F-11D3-BF4B-00C04F79EFBC}") = "220219_5week_01_UnityLesson_CSharp_ClassInheritance", "220219_5week_01_UnityClass_CSharp_ClassInheritance\220219_5week_01_UnityLesson_CSharp_ClassInheritance.csproj", "{1B7816E7-274C-403D-9426-4701B9E076D4}"
EndProject
Project("{FAE04EC0-301F-11D3-BF4B-00C04F79EFBC}") = "220219_5week_02_UnityLesson_CSharp_Delegate", "220219_5week_02_UnityLesson_CSharp_Delegate\220219_5week_02_UnityLesson_CSharp_Delegate.csproj", "{6D18B39B-1916-43C9-B5BB-6C6A2E7B0422}"
EndProject
Global
	GlobalSection(SolutionConfigurationPlatforms) = preSolution
		Debug|Any CPU = Debug|Any CPU
		Release|Any CPU = Release|Any CPU
	EndGlobalSection
	GlobalSection(ProjectConfigurationPlatforms) = postSolution
		{9C1F3614-913A-47AE-AF33-34A7A0994E5A}.Debug|Any CPU.ActiveCfg = Debug|Any CPU
		{9C1F3614-913A-47AE-AF33-34A7A0994E5A}.Debug|Any CPU.Build.0 = Debug|Any CPU
		{9C1F3614-913A-47AE-AF33-34A7A0994E5A}.Release|Any CPU.ActiveCfg = Release|Any CPU
		{9C1F3614-913A-47AE-AF33-34A7A0994E5A}.Release|Any CPU.Build.0 = Release|Any CPU
		{AEB13A98-A340-4786-B746-9D8C94011F4B}.Debug|Any CPU.ActiveCfg = Debug|Any CPU
		{AEB13A98-A340-4786-B746-9D8C94011F4B}.Debug|Any CPU.Build.0 = Debug|Any CPU
		{AEB13A98-A340-4786-B746-9D8C94011F4B}.Release|Any CPU.ActiveCfg = Release|Any CPU
		{AEB13A98-A340-4786-B746-9D8C94011F4B}.Release|Any CPU.Build.0 = Release|Any CPU
		{CC37600C-0370-48AD-BED1-CBAF3CCC51DC}.Debug|Any CPU.ActiveCfg = Debug|Any CPU
		{CC37600C-0370-48AD-BED1-CBAF3CCC51DC}.Debug|Any CPU.Build.0 = Debug|Any CPU
		{CC37600C-0370-48AD-BED1-CBAF3CCC51DC}.Release|Any CPU.ActiveCfg = Release|Any CPU
		{CC37600C-0370-48AD-BED1-CBAF3CCC51DC}.Release|Any CPU.Build.0 = Release|Any CPU
		{9D4AF03C-6486-4A02-96C2-DE53AAB0AEDE}.Debug|Any CPU.ActiveCfg = Debug|Any CPU
		{9D4AF03C-6486-4A02-96C2-DE53AAB0AEDE}.Debug|Any CPU.Build.0 = Debug|Any CPU
		{9D4AF03C-6486-4A02-96C2-DE53AAB0AEDE}.Release|Any CPU.ActiveCfg = Release|Any CPU
		{9D4AF03C-6486-4A02-96C2-DE53AAB0AEDE}.Release|Any CPU.Build.0 = Release|Any CPU
		{DE456E51-5E97-4FA7-8760-CC34E05ACD89}.Debug|Any CPU.ActiveCfg = Debug|Any CPU
		{DE456E51-5E97-4FA7-8760-CC34E05ACD89}.Debug|Any CPU.Build.0 = Debug|Any CPU
		{DE456E51-5E97-4FA7-8760-CC34E05ACD89}.Release|Any CPU.ActiveCfg = Release|Any CPU
		{DE456E51-5E97-4FA7-8760-CC34E05ACD89}.Release|Any CPU.Build.0 = Release|Any CPU
		{A4AAC307-F4C7-4652-90C7-3243F8017315}.Debug|Any CPU.ActiveCfg = Debug|Any CPU
		{A4AAC307-F4C7-4652-90C7-3243F8017315}.Debug|Any CPU.Build.0 = Debug|Any CPU
		{A4AAC307-F4C7-4652-90C7-3243F8017315}.Release|Any CPU.ActiveCfg = Release|Any CPU
		{A4AAC307-F4C7-4652-90C7-3243F8017315}.Release|Any CPU.Build.0 = Release|Any CPU
		{805AC826-9377-48A9-A55B-6456A24EED43}.Debug|Any CPU.ActiveCfg = Debug|Any CPU
		{805AC826-9377-48A9-A55B-6456A24EED43}.Debug|Any CPU.Build.0 = Debug|Any CPU
		{805AC826-9377-48A9-A55B-6456A24EED43}.Release|Any CPU.ActiveCfg = Release|Any CPU
		{805AC826-9377-48A9-A55B-6456A24EED43}.Release|Any CPU.Build.0 = Release|Any CPU
		{0A7E37E9-051A-44D9-BB33-228F93376466}.Debug|Any CPU.ActiveCfg = Debug|Any CPU
		{0A7E37E9-051A-44D9-BB33-228F93376466}.Debug|Any CPU.Build.0 = Debug|Any CPU
		{0A7E37E9-051A-44D9-BB33-228F93376466}.Release|Any CPU.ActiveCfg = Release|Any CPU
		{0A7E37E9-051A-44D9-BB33-228F93376466}.Release|Any CPU.Build.0 = Release|Any CPU
		{1782806D-6661-466D-8A8E-D03CD69D6840}.Debug|Any CPU.ActiveCfg = Debug|Any CPU
		{1782806D-6661-466D-8A8E-D03CD69D6840}.Debug|Any CPU.Build.0 = Debug|Any CPU
		{1782806D-6661-466D-8A8E-D03CD69D6840}.Release|Any CPU.ActiveCfg = Release|Any CPU
		{1782806D-6661-466D-8A8E-D03CD69D6840}.Release|Any CPU.Build.0 = Release|Any CPU
		{75D35E51-B4A8-4621-9D69-A40A702C1D10}.Debug|Any CPU.ActiveCfg = Debug|Any CPU
		{75D35E51-B4A8-4621-9D69-A40A702C1D10}.Debug|Any CPU.Build.0 = Debug|Any CPU
		{75D35E51-B4A8-4621-9D69-A40A702C1D10}.Release|Any CPU.ActiveCfg = Release|Any CPU
		{75D35E51-B4A8-4621-9D69-A40A702C1D10}.Release|Any CPU.Build.0 = Release|Any CPU
		{83DF5571-C4C3-432A-A23F-4AED0BF9DEDD}.Debug|Any CPU.ActiveCfg = Debug|Any CPU
		{83DF5571-C4C3-432A-A23F-4AED0BF9DEDD}.Debug|Any CPU.Build.0 = Debug|Any CPU
		{83DF5571-C4C3-432A-A23F-4AED0BF9DEDD}.Release|Any CPU.ActiveCfg = Release|Any CPU
		{83DF5571-C4C3-432A-A23F-4AED0BF9DEDD}.Release|Any CPU.Build.0 = Release|Any CPU
		{F49FD2DB-2A42-447C-9462-0536B7E8DD31}.Debug|Any CPU.ActiveCfg = Debug|Any CPU
		{F49FD2DB-2A42-447C-9462-0536B7E8DD31}.Debug|Any CPU.Build.0 = Debug|Any CPU
		{F49FD2DB-2A42-447C-9462-0536B7E8DD31}.Release|Any CPU.ActiveCfg = Release|Any CPU
		{F49FD2DB-2A42-447C-9462-0536B7E8DD31}.Release|Any CPU.Build.0 = Release|Any CPU
		{C4564C1E-6FCC-4CA3-B8D5-AF8ED3C8D975}.Debug|Any CPU.ActiveCfg = Debug|Any CPU
		{C4564C1E-6FCC-4CA3-B8D5-AF8ED3C8D975}.Debug|Any CPU.Build.0 = Debug|Any CPU
		{C4564C1E-6FCC-4CA3-B8D5-AF8ED3C8D975}.Release|Any CPU.ActiveCfg = Release|Any CPU
		{C4564C1E-6FCC-4CA3-B8D5-AF8ED3C8D975}.Release|Any CPU.Build.0 = Release|Any CPU
		{8698446F-0FE4-4E8A-B04A-0A0FBDC835DF}.Debug|Any CPU.ActiveCfg = Debug|Any CPU
		{8698446F-0FE4-4E8A-B04A-0A0FBDC835DF}.Debug|Any CPU.Build.0 = Debug|Any CPU
		{8698446F-0FE4-4E8A-B04A-0A0FBDC835DF}.Release|Any CPU.ActiveCfg = Release|Any CPU
		{8698446F-0FE4-4E8A-B04A-0A0FBDC835DF}.Release|Any CPU.Build.0 = Release|Any CPU
		{FCCDF479-BBE3-4541-8F44-D10174490F60}.Debug|Any CPU.ActiveCfg = Debug|Any CPU
		{FCCDF479-BBE3-4541-8F44-D10174490F60}.Debug|Any CPU.Build.0 = Debug|Any CPU
		{FCCDF479-BBE3-4541-8F44-D10174490F60}.Release|Any CPU.ActiveCfg = Release|Any CPU
		{FCCDF479-BBE3-4541-8F44-D10174490F60}.Release|Any CPU.Build.0 = Release|Any CPU
		{7B76D1C1-CBFF-4DB0-82B0-5D62FEDA70B6}.Debug|Any CPU.ActiveCfg = Debug|Any CPU
		{7B76D1C1-CBFF-4DB0-82B0-5D62FEDA70B6}.Debug|Any CPU.Build.0 = Debug|Any CPU
		{7B76D1C1-CBFF-4DB0-82B0-5D62FEDA70B6}.Release|Any CPU.ActiveCfg = Release|Any CPU
		{7B76D1C1-CBFF-4DB0-82B0-5D62FEDA70B6}.Release|Any CPU.Build.0 = Release|Any CPU
		{A9ABC3A2-A211-494F-88AF-0DF1D5245BBC}.Debug|Any CPU.ActiveCfg = Debug|Any CPU
		{A9ABC3A2-A211-494F-88AF-0DF1D5245BBC}.Debug|Any CPU.Build.0 = Debug|Any CPU
		{A9ABC3A2-A211-494F-88AF-0DF1D5245BBC}.Release|Any CPU.ActiveCfg = Release|Any CPU
		{A9ABC3A2-A211-494F-88AF-0DF1D5245BBC}.Release|Any CPU.Build.0 = Release|Any CPU
		{D698E3E7-B593-4EEB-86CF-10DBC67E99FD}.Debug|Any CPU.ActiveCfg = Debug|Any CPU
		{D698E3E7-B593-4EEB-86CF-10DBC67E99FD}.Debug|Any CPU.Build.0 = Debug|Any CPU
		{D698E3E7-B593-4EEB-86CF-10DBC67E99FD}.Release|Any CPU.ActiveCfg = Release|Any CPU
		{D698E3E7-B593-4EEB-86CF-10DBC67E99FD}.Release|Any CPU.Build.0 = Release|Any CPU
		{7F29CE6A-C2D6-4D99-A193-FA2283F4948F}.Debug|Any CPU.ActiveCfg = Debug|Any CPU
		{7F29CE6A-C2D6-4D99-A193-FA2283F4948F}.Debug|Any CPU.Build.0 = Debug|Any CPU
		{7F29CE6A-C2D6-4D99-A193-FA2283F4948F}.Release|Any CPU.ActiveCfg = Release|Any CPU
		{7F29CE6A-C2D6-4D99-A193-FA2283F4948F}.Release|Any CPU.Build.0 = Release|Any CPU
		{5BE7F749-EC1F-43DD-BDD7-77D3789E8ACA}.Debug|Any CPU.ActiveCfg = Debug|Any CPU
		{5BE7F749-EC1F-43DD-BDD7-77D3789E8ACA}.Debug|Any CPU.Build.0 = Debug|Any CPU
		{5BE7F749-EC1F-43DD-BDD7-77D3789E8ACA}.Release|Any CPU.ActiveCfg = Release|Any CPU
		{5BE7F749-EC1F-43DD-BDD7-77D3789E8ACA}.Release|Any CPU.Build.0 = Release|Any CPU
		{BE738540-F793-418A-891C-E73E8531CC63}.Debug|Any CPU.ActiveCfg = Debug|Any CPU
		{BE738540-F793-418A-891C-E73E8531CC63}.Debug|Any CPU.Build.0 = Debug|Any CPU
		{BE738540-F793-418A-891C-E73E8531CC63}.Release|Any CPU.ActiveCfg = Release|Any CPU
		{BE738540-F793-418A-891C-E73E8531CC63}.Release|Any CPU.Build.0 = Release|Any CPU
		{518D42C3-5966-4B9D-940A-5655DAE32A67}.Debug|Any CPU.ActiveCfg = Debug|Any CPU
		{518D42C3-5966-4B9D-940A-5655DAE32A67}.Debug|Any CPU.Build.0 = Debug|Any CPU
		{518D42C3-5966-4B9D-940A-5655DAE32A67}.Release|Any CPU.ActiveCfg = Release|Any CPU
		{518D42C3-5966-4B9D-940A-5655DAE32A67}.Release|Any CPU.Build.0 = Release|Any CPU
		{2F766821-7346-43F0-AE0A-9576D46AD10C}.Debug|Any CPU.ActiveCfg = Debug|Any CPU
		{2F766821-7346-43F0-AE0A-9576D46AD10C}.Debug|Any CPU.Build.0 = Debug|Any CPU
		{2F766821-7346-43F0-AE0A-9576D46AD10C}.Release|Any CPU.ActiveCfg = Release|Any CPU
		{2F766821-7346-43F0-AE0A-9576D46AD10C}.Release|Any CPU.Build.0 = Release|Any CPU
		{6E60463A-0E54-4692-8AB0-9CE833776DA7}.Debug|Any CPU.ActiveCfg = Debug|Any CPU
		{6E60463A-0E54-4692-8AB0-9CE833776DA7}.Debug|Any CPU.Build.0 = Debug|Any CPU
		{6E60463A-0E54-4692-8AB0-9CE833776DA7}.Release|Any CPU.ActiveCfg = Release|Any CPU
		{6E60463A-0E54-4692-8AB0-9CE833776DA7}.Release|Any CPU.Build.0 = Release|Any CPU
		{80C213C8-DE8A-406B-9950-4E1A4FC3D9A8}.Debug|Any CPU.ActiveCfg = Debug|Any CPU
		{80C213C8-DE8A-406B-9950-4E1A4FC3D9A8}.Debug|Any CPU.Build.0 = Debug|Any CPU
		{80C213C8-DE8A-406B-9950-4E1A4FC3D9A8}.Release|Any CPU.ActiveCfg = Release|Any CPU
		{80C213C8-DE8A-406B-9950-4E1A4FC3D9A8}.Release|Any CPU.Build.0 = Release|Any CPU
		{9DE5ACE5-3429-45A6-B470-5FF3CE410F5C}.Debug|Any CPU.ActiveCfg = Debug|Any CPU
		{9DE5ACE5-3429-45A6-B470-5FF3CE410F5C}.Debug|Any CPU.Build.0 = Debug|Any CPU
		{9DE5ACE5-3429-45A6-B470-5FF3CE410F5C}.Release|Any CPU.ActiveCfg = Release|Any CPU
		{9DE5ACE5-3429-45A6-B470-5FF3CE410F5C}.Release|Any CPU.Build.0 = Release|Any CPU
		{D5AA8EF7-B32D-44A6-A25C-9EB337316D0D}.Debug|Any CPU.ActiveCfg = Debug|Any CPU
		{D5AA8EF7-B32D-44A6-A25C-9EB337316D0D}.Debug|Any CPU.Build.0 = Debug|Any CPU
		{D5AA8EF7-B32D-44A6-A25C-9EB337316D0D}.Release|Any CPU.ActiveCfg = Release|Any CPU
		{D5AA8EF7-B32D-44A6-A25C-9EB337316D0D}.Release|Any CPU.Build.0 = Release|Any CPU
		{8FE38821-EB7E-4388-909E-FBBFB33BB34A}.Debug|Any CPU.ActiveCfg = Debug|Any CPU
		{8FE38821-EB7E-4388-909E-FBBFB33BB34A}.Debug|Any CPU.Build.0 = Debug|Any CPU
		{8FE38821-EB7E-4388-909E-FBBFB33BB34A}.Release|Any CPU.ActiveCfg = Release|Any CPU
		{8FE38821-EB7E-4388-909E-FBBFB33BB34A}.Release|Any CPU.Build.0 = Release|Any CPU
		{950A3EFE-480B-4999-A463-56FAA677335D}.Debug|Any CPU.ActiveCfg = Debug|Any CPU
		{950A3EFE-480B-4999-A463-56FAA677335D}.Debug|Any CPU.Build.0 = Debug|Any CPU
		{950A3EFE-480B-4999-A463-56FAA677335D}.Release|Any CPU.ActiveCfg = Release|Any CPU
		{950A3EFE-480B-4999-A463-56FAA677335D}.Release|Any CPU.Build.0 = Release|Any CPU
		{1D1055DB-88F8-44E7-B398-DB7295C48674}.Debug|Any CPU.ActiveCfg = Debug|Any CPU
		{1D1055DB-88F8-44E7-B398-DB7295C48674}.Debug|Any CPU.Build.0 = Debug|Any CPU
		{1D1055DB-88F8-44E7-B398-DB7295C48674}.Release|Any CPU.ActiveCfg = Release|Any CPU
		{1D1055DB-88F8-44E7-B398-DB7295C48674}.Release|Any CPU.Build.0 = Release|Any CPU
		{CB5ADD60-A6BA-4241-8898-97E341EADEA4}.Debug|Any CPU.ActiveCfg = Debug|Any CPU
		{CB5ADD60-A6BA-4241-8898-97E341EADEA4}.Debug|Any CPU.Build.0 = Debug|Any CPU
		{CB5ADD60-A6BA-4241-8898-97E341EADEA4}.Release|Any CPU.ActiveCfg = Release|Any CPU
		{CB5ADD60-A6BA-4241-8898-97E341EADEA4}.Release|Any CPU.Build.0 = Release|Any CPU
		{1B7816E7-274C-403D-9426-4701B9E076D4}.Debug|Any CPU.ActiveCfg = Debug|Any CPU
		{1B7816E7-274C-403D-9426-4701B9E076D4}.Debug|Any CPU.Build.0 = Debug|Any CPU
		{1B7816E7-274C-403D-9426-4701B9E076D4}.Release|Any CPU.ActiveCfg = Release|Any CPU
		{1B7816E7-274C-403D-9426-4701B9E076D4}.Release|Any CPU.Build.0 = Release|Any CPU
		{6D18B39B-1916-43C9-B5BB-6C6A2E7B0422}.Debug|Any CPU.ActiveCfg = Debug|Any CPU
		{6D18B39B-1916-43C9-B5BB-6C6A2E7B0422}.Debug|Any CPU.Build.0 = Debug|Any CPU
		{6D18B39B-1916-43C9-B5BB-6C6A2E7B0422}.Release|Any CPU.ActiveCfg = Release|Any CPU
		{6D18B39B-1916-43C9-B5BB-6C6A2E7B0422}.Release|Any CPU.Build.0 = Release|Any CPU
	EndGlobalSection
	GlobalSection(SolutionProperties) = preSolution
		HideSolutionNode = FALSE
	EndGlobalSection
	GlobalSection(ExtensibilityGlobals) = postSolution
		SolutionGuid = {D6631D66-D66A-4DB8-B8C8-CB855A4036E8}
	EndGlobalSection
EndGlobal
